
Microsoft Visual Studio Solution File, Format Version 12.00
# Visual Studio Version 17
VisualStudioVersion = 17.0.31912.275
MinimumVisualStudioVersion = 10.0.40219.1
Project("{9A19103F-16F7-4668-BE54-9A1E7A4F7556}") = "homecoming.api", "homecoming.api\homecoming.api.csproj", "{8AC3D825-CF51-4A7D-B3A8-52E406DA37D9}"
EndProject
Project("{9A19103F-16F7-4668-BE54-9A1E7A4F7556}") = "homecoming.webapp", "homecoming.webapp\homecoming.webapp.csproj", "{1D922E42-737E-43DD-B652-0DF0EFA889F2}"
EndProject
Project("{FAE04EC0-301F-11D3-BF4B-00C04F79EFBC}") = "BookingTesting", "BookingTesting\BookingTesting.csproj", "{1BBBF87E-12E1-45EC-AF3D-94204627DCA8}"
EndProject
Global
	GlobalSection(SolutionConfigurationPlatforms) = preSolution
		Debug|Any CPU = Debug|Any CPU
		Debug|iPhone = Debug|iPhone
		Debug|iPhoneSimulator = Debug|iPhoneSimulator
		Release|Any CPU = Release|Any CPU
		Release|iPhone = Release|iPhone
		Release|iPhoneSimulator = Release|iPhoneSimulator
	EndGlobalSection
	GlobalSection(ProjectConfigurationPlatforms) = postSolution
		{8AC3D825-CF51-4A7D-B3A8-52E406DA37D9}.Debug|Any CPU.ActiveCfg = Debug|Any CPU
		{8AC3D825-CF51-4A7D-B3A8-52E406DA37D9}.Debug|Any CPU.Build.0 = Debug|Any CPU
		{8AC3D825-CF51-4A7D-B3A8-52E406DA37D9}.Debug|iPhone.ActiveCfg = Debug|Any CPU
		{8AC3D825-CF51-4A7D-B3A8-52E406DA37D9}.Debug|iPhone.Build.0 = Debug|Any CPU
		{8AC3D825-CF51-4A7D-B3A8-52E406DA37D9}.Debug|iPhoneSimulator.ActiveCfg = Debug|Any CPU
		{8AC3D825-CF51-4A7D-B3A8-52E406DA37D9}.Debug|iPhoneSimulator.Build.0 = Debug|Any CPU
		{8AC3D825-CF51-4A7D-B3A8-52E406DA37D9}.Release|Any CPU.ActiveCfg = Release|Any CPU
		{8AC3D825-CF51-4A7D-B3A8-52E406DA37D9}.Release|Any CPU.Build.0 = Release|Any CPU
		{8AC3D825-CF51-4A7D-B3A8-52E406DA37D9}.Release|iPhone.ActiveCfg = Release|Any CPU
		{8AC3D825-CF51-4A7D-B3A8-52E406DA37D9}.Release|iPhone.Build.0 = Release|Any CPU
		{8AC3D825-CF51-4A7D-B3A8-52E406DA37D9}.Release|iPhoneSimulator.ActiveCfg = Release|Any CPU
		{8AC3D825-CF51-4A7D-B3A8-52E406DA37D9}.Release|iPhoneSimulator.Build.0 = Release|Any CPU
		{1D922E42-737E-43DD-B652-0DF0EFA889F2}.Debug|Any CPU.ActiveCfg = Debug|Any CPU
		{1D922E42-737E-43DD-B652-0DF0EFA889F2}.Debug|Any CPU.Build.0 = Debug|Any CPU
		{1D922E42-737E-43DD-B652-0DF0EFA889F2}.Debug|iPhone.ActiveCfg = Debug|Any CPU
		{1D922E42-737E-43DD-B652-0DF0EFA889F2}.Debug|iPhone.Build.0 = Debug|Any CPU
		{1D922E42-737E-43DD-B652-0DF0EFA889F2}.Debug|iPhoneSimulator.ActiveCfg = Debug|Any CPU
		{1D922E42-737E-43DD-B652-0DF0EFA889F2}.Debug|iPhoneSimulator.Build.0 = Debug|Any CPU
		{1D922E42-737E-43DD-B652-0DF0EFA889F2}.Release|Any CPU.ActiveCfg = Release|Any CPU
		{1D922E42-737E-43DD-B652-0DF0EFA889F2}.Release|Any CPU.Build.0 = Release|Any CPU
		{1D922E42-737E-43DD-B652-0DF0EFA889F2}.Release|iPhone.ActiveCfg = Release|Any CPU
		{1D922E42-737E-43DD-B652-0DF0EFA889F2}.Release|iPhone.Build.0 = Release|Any CPU
		{1D922E42-737E-43DD-B652-0DF0EFA889F2}.Release|iPhoneSimulator.ActiveCfg = Release|Any CPU
		{1D922E42-737E-43DD-B652-0DF0EFA889F2}.Release|iPhoneSimulator.Build.0 = Release|Any CPU
		{1BBBF87E-12E1-45EC-AF3D-94204627DCA8}.Debug|Any CPU.ActiveCfg = Debug|Any CPU
		{1BBBF87E-12E1-45EC-AF3D-94204627DCA8}.Debug|Any CPU.Build.0 = Debug|Any CPU
		{1BBBF87E-12E1-45EC-AF3D-94204627DCA8}.Debug|iPhone.ActiveCfg = Debug|Any CPU
		{1BBBF87E-12E1-45EC-AF3D-94204627DCA8}.Debug|iPhone.Build.0 = Debug|Any CPU
		{1BBBF87E-12E1-45EC-AF3D-94204627DCA8}.Debug|iPhoneSimulator.ActiveCfg = Debug|Any CPU
		{1BBBF87E-12E1-45EC-AF3D-94204627DCA8}.Debug|iPhoneSimulator.Build.0 = Debug|Any CPU
		{1BBBF87E-12E1-45EC-AF3D-94204627DCA8}.Release|Any CPU.ActiveCfg = Release|Any CPU
		{1BBBF87E-12E1-45EC-AF3D-94204627DCA8}.Release|Any CPU.Build.0 = Release|Any CPU
		{1BBBF87E-12E1-45EC-AF3D-94204627DCA8}.Release|iPhone.ActiveCfg = Release|Any CPU
		{1BBBF87E-12E1-45EC-AF3D-94204627DCA8}.Release|iPhone.Build.0 = Release|Any CPU
		{1BBBF87E-12E1-45EC-AF3D-94204627DCA8}.Release|iPhoneSimulator.ActiveCfg = Release|Any CPU
		{1BBBF87E-12E1-45EC-AF3D-94204627DCA8}.Release|iPhoneSimulator.Build.0 = Release|Any CPU
	EndGlobalSection
	GlobalSection(SolutionProperties) = preSolution
		HideSolutionNode = FALSE
	EndGlobalSection
	GlobalSection(ExtensibilityGlobals) = postSolution
		SolutionGuid = {D1C550C3-4DEB-4E64-84E9-0BA86758D564}
	EndGlobalSection
EndGlobal
